
Microsoft Visual Studio Solution File, Format Version 12.00
# Visual Studio Version 17
VisualStudioVersion = 17.13.35828.75 d17.13
MinimumVisualStudioVersion = 10.0.40219.1
Project("{FAE04EC0-301F-11D3-BF4B-00C04F79EFBC}") = "WebApi", "WebApi\WebApi.csproj", "{36F504B7-5F34-41B9-A07F-F1BC110C5891}"
EndProject
Project("{2150E333-8FDC-42A3-9474-1A3956D46DE8}") = "Domain", "Domain", "{02EA681E-C7D8-13C7-8484-4AC65E1B71E8}"
EndProject
Project("{2150E333-8FDC-42A3-9474-1A3956D46DE8}") = "Infrastructure", "Infrastructure", "{96034B8B-2751-406B-B536-423F361DCE2C}"
EndProject
Project("{FAE04EC0-301F-11D3-BF4B-00C04F79EFBC}") = "Application", "Application\Application.csproj", "{113306FF-CF5A-4410-A914-74EAAB06A6D1}"
EndProject
Project("{FAE04EC0-301F-11D3-BF4B-00C04F79EFBC}") = "Domain", "Domain\Domain.csproj", "{4CA93A4B-8509-4611-BFB0-C9FB6A02F034}"
EndProject
Project("{FAE04EC0-301F-11D3-BF4B-00C04F79EFBC}") = "Domain.Abstractions", "Domain.Abstractions\Domain.Abstractions.csproj", "{F5B2A442-0095-4D20-8F61-C8793DB47E4B}"
EndProject
Project("{FAE04EC0-301F-11D3-BF4B-00C04F79EFBC}") = "Infrastructure", "Infrastructure\Infrastructure.csproj", "{9EFF67BB-9360-4686-85BC-71BBE5FE1010}"
EndProject
Project("{FAE04EC0-301F-11D3-BF4B-00C04F79EFBC}") = "Infrastructure.Abstractions", "Infrastructure.Abstractions\Infrastructure.Abstractions.csproj", "{73ADFA46-DE6D-4373-99D1-F2137DF89557}"
EndProject
Global
	GlobalSection(SolutionConfigurationPlatforms) = preSolution
		Debug|Any CPU = Debug|Any CPU
		Release|Any CPU = Release|Any CPU
	EndGlobalSection
	GlobalSection(ProjectConfigurationPlatforms) = postSolution
		{36F504B7-5F34-41B9-A07F-F1BC110C5891}.Debug|Any CPU.ActiveCfg = Debug|Any CPU
		{36F504B7-5F34-41B9-A07F-F1BC110C5891}.Debug|Any CPU.Build.0 = Debug|Any CPU
		{36F504B7-5F34-41B9-A07F-F1BC110C5891}.Release|Any CPU.ActiveCfg = Release|Any CPU
		{36F504B7-5F34-41B9-A07F-F1BC110C5891}.Release|Any CPU.Build.0 = Release|Any CPU
		{113306FF-CF5A-4410-A914-74EAAB06A6D1}.Debug|Any CPU.ActiveCfg = Debug|Any CPU
		{113306FF-CF5A-4410-A914-74EAAB06A6D1}.Debug|Any CPU.Build.0 = Debug|Any CPU
		{113306FF-CF5A-4410-A914-74EAAB06A6D1}.Release|Any CPU.ActiveCfg = Release|Any CPU
		{113306FF-CF5A-4410-A914-74EAAB06A6D1}.Release|Any CPU.Build.0 = Release|Any CPU
		{4CA93A4B-8509-4611-BFB0-C9FB6A02F034}.Debug|Any CPU.ActiveCfg = Debug|Any CPU
		{4CA93A4B-8509-4611-BFB0-C9FB6A02F034}.Debug|Any CPU.Build.0 = Debug|Any CPU
		{4CA93A4B-8509-4611-BFB0-C9FB6A02F034}.Release|Any CPU.ActiveCfg = Release|Any CPU
		{4CA93A4B-8509-4611-BFB0-C9FB6A02F034}.Release|Any CPU.Build.0 = Release|Any CPU
		{F5B2A442-0095-4D20-8F61-C8793DB47E4B}.Debug|Any CPU.ActiveCfg = Debug|Any CPU
		{F5B2A442-0095-4D20-8F61-C8793DB47E4B}.Debug|Any CPU.Build.0 = Debug|Any CPU
		{F5B2A442-0095-4D20-8F61-C8793DB47E4B}.Release|Any CPU.ActiveCfg = Release|Any CPU
		{F5B2A442-0095-4D20-8F61-C8793DB47E4B}.Release|Any CPU.Build.0 = Release|Any CPU
		{9EFF67BB-9360-4686-85BC-71BBE5FE1010}.Debug|Any CPU.ActiveCfg = Debug|Any CPU
		{9EFF67BB-9360-4686-85BC-71BBE5FE1010}.Debug|Any CPU.Build.0 = Debug|Any CPU
		{9EFF67BB-9360-4686-85BC-71BBE5FE1010}.Release|Any CPU.ActiveCfg = Release|Any CPU
		{9EFF67BB-9360-4686-85BC-71BBE5FE1010}.Release|Any CPU.Build.0 = Release|Any CPU
		{73ADFA46-DE6D-4373-99D1-F2137DF89557}.Debug|Any CPU.ActiveCfg = Debug|Any CPU
		{73ADFA46-DE6D-4373-99D1-F2137DF89557}.Debug|Any CPU.Build.0 = Debug|Any CPU
		{73ADFA46-DE6D-4373-99D1-F2137DF89557}.Release|Any CPU.ActiveCfg = Release|Any CPU
		{73ADFA46-DE6D-4373-99D1-F2137DF89557}.Release|Any CPU.Build.0 = Release|Any CPU
	EndGlobalSection
	GlobalSection(SolutionProperties) = preSolution
		HideSolutionNode = FALSE
	EndGlobalSection
	GlobalSection(NestedProjects) = preSolution
		{4CA93A4B-8509-4611-BFB0-C9FB6A02F034} = {02EA681E-C7D8-13C7-8484-4AC65E1B71E8}
		{F5B2A442-0095-4D20-8F61-C8793DB47E4B} = {02EA681E-C7D8-13C7-8484-4AC65E1B71E8}
		{9EFF67BB-9360-4686-85BC-71BBE5FE1010} = {96034B8B-2751-406B-B536-423F361DCE2C}
		{73ADFA46-DE6D-4373-99D1-F2137DF89557} = {96034B8B-2751-406B-B536-423F361DCE2C}
	EndGlobalSection
	GlobalSection(ExtensibilityGlobals) = postSolution
		SolutionGuid = {4565F24A-4204-4370-BD25-E74FC4DB90ED}
	EndGlobalSection
EndGlobal
